
Microsoft Visual Studio Solution File, Format Version 12.00
# Visual Studio Version 16
VisualStudioVersion = 16.0.29905.134
MinimumVisualStudioVersion = 15.0.26124.0
Project("{2150E333-8FDC-42A3-9474-1A3956D46DE8}") = "src", "src", "{0E350A07-B974-4FB2-B6B7-B486D01A1116}"
EndProject
Project("{9A19103F-16F7-4668-BE54-9A1E7A4F7556}") = "Language", "src\Language\Language.csproj", "{BFF0D612-1DB8-49C4-B642-8CC3E912976B}"
EndProject
Project("{9A19103F-16F7-4668-BE54-9A1E7A4F7556}") = "Implementation", "src\Implementation\Implementation.csproj", "{F5CCBDF5-C421-4D4F-8543-A4B05F9105BA}"
EndProject
Project("{9A19103F-16F7-4668-BE54-9A1E7A4F7556}") = "Api", "src\Api\Api.csproj", "{4A2DF7CE-A809-4052-BB56-28EBEA4F8181}"
EndProject
Project("{9A19103F-16F7-4668-BE54-9A1E7A4F7556}") = "Common", "src\Common\Common.csproj", "{BE20AAA1-4CE9-41A4-A7FC-FE32C7B81E73}"
EndProject
Project("{9A19103F-16F7-4668-BE54-9A1E7A4F7556}") = "Infrastructure", "src\Infrastructure\Infrastructure.csproj", "{0F628474-1516-4809-B977-63E36A12A422}"
EndProject
Project("{9A19103F-16F7-4668-BE54-9A1E7A4F7556}") = "Interface", "src\Interface\Interface.csproj", "{6FAD88B5-A952-4066-832D-8DE1192ADE5F}"
EndProject
Project("{9A19103F-16F7-4668-BE54-9A1E7A4F7556}") = "ApplicationService", "src\ApplicationService\ApplicationService.csproj", "{0068A261-CB0E-4064-A800-595FF65FBBF7}"
EndProject
Project("{9A19103F-16F7-4668-BE54-9A1E7A4F7556}") = "Models", "src\Models\Models.csproj", "{FF3C3AD2-6236-410F-9D46-8E9FE261A427}"
EndProject
Project("{9A19103F-16F7-4668-BE54-9A1E7A4F7556}") = "Crosscutting", "src\Crosscutting\Crosscutting.csproj", "{47338105-0792-44D9-B079-C7411DA18CC1}"
EndProject
Project("{9A19103F-16F7-4668-BE54-9A1E7A4F7556}") = "Core", "src\Core\Core.csproj", "{A96E89DF-92C1-42EF-8878-E35D35E110AA}"
EndProject
Project("{FAE04EC0-301F-11D3-BF4B-00C04F79EFBC}") = "Crosscutting.IoC", "src\Crosscutting.IoC\Crosscutting.IoC.csproj", "{EC476738-246E-4E75-BBFC-23B4A7371A48}"
EndProject
Global
	GlobalSection(SolutionConfigurationPlatforms) = preSolution
		Debug|Any CPU = Debug|Any CPU
		Debug|x64 = Debug|x64
		Debug|x86 = Debug|x86
		Release|Any CPU = Release|Any CPU
		Release|x64 = Release|x64
		Release|x86 = Release|x86
	EndGlobalSection
	GlobalSection(ProjectConfigurationPlatforms) = postSolution
		{BFF0D612-1DB8-49C4-B642-8CC3E912976B}.Debug|Any CPU.ActiveCfg = Debug|Any CPU
		{BFF0D612-1DB8-49C4-B642-8CC3E912976B}.Debug|Any CPU.Build.0 = Debug|Any CPU
		{BFF0D612-1DB8-49C4-B642-8CC3E912976B}.Debug|x64.ActiveCfg = Debug|Any CPU
		{BFF0D612-1DB8-49C4-B642-8CC3E912976B}.Debug|x64.Build.0 = Debug|Any CPU
		{BFF0D612-1DB8-49C4-B642-8CC3E912976B}.Debug|x86.ActiveCfg = Debug|Any CPU
		{BFF0D612-1DB8-49C4-B642-8CC3E912976B}.Debug|x86.Build.0 = Debug|Any CPU
		{BFF0D612-1DB8-49C4-B642-8CC3E912976B}.Release|Any CPU.ActiveCfg = Release|Any CPU
		{BFF0D612-1DB8-49C4-B642-8CC3E912976B}.Release|Any CPU.Build.0 = Release|Any CPU
		{BFF0D612-1DB8-49C4-B642-8CC3E912976B}.Release|x64.ActiveCfg = Release|Any CPU
		{BFF0D612-1DB8-49C4-B642-8CC3E912976B}.Release|x64.Build.0 = Release|Any CPU
		{BFF0D612-1DB8-49C4-B642-8CC3E912976B}.Release|x86.ActiveCfg = Release|Any CPU
		{BFF0D612-1DB8-49C4-B642-8CC3E912976B}.Release|x86.Build.0 = Release|Any CPU
		{F5CCBDF5-C421-4D4F-8543-A4B05F9105BA}.Debug|Any CPU.ActiveCfg = Debug|Any CPU
		{F5CCBDF5-C421-4D4F-8543-A4B05F9105BA}.Debug|Any CPU.Build.0 = Debug|Any CPU
		{F5CCBDF5-C421-4D4F-8543-A4B05F9105BA}.Debug|x64.ActiveCfg = Debug|Any CPU
		{F5CCBDF5-C421-4D4F-8543-A4B05F9105BA}.Debug|x64.Build.0 = Debug|Any CPU
		{F5CCBDF5-C421-4D4F-8543-A4B05F9105BA}.Debug|x86.ActiveCfg = Debug|Any CPU
		{F5CCBDF5-C421-4D4F-8543-A4B05F9105BA}.Debug|x86.Build.0 = Debug|Any CPU
		{F5CCBDF5-C421-4D4F-8543-A4B05F9105BA}.Release|Any CPU.ActiveCfg = Release|Any CPU
		{F5CCBDF5-C421-4D4F-8543-A4B05F9105BA}.Release|Any CPU.Build.0 = Release|Any CPU
		{F5CCBDF5-C421-4D4F-8543-A4B05F9105BA}.Release|x64.ActiveCfg = Release|Any CPU
		{F5CCBDF5-C421-4D4F-8543-A4B05F9105BA}.Release|x64.Build.0 = Release|Any CPU
		{F5CCBDF5-C421-4D4F-8543-A4B05F9105BA}.Release|x86.ActiveCfg = Release|Any CPU
		{F5CCBDF5-C421-4D4F-8543-A4B05F9105BA}.Release|x86.Build.0 = Release|Any CPU
		{4A2DF7CE-A809-4052-BB56-28EBEA4F8181}.Debug|Any CPU.ActiveCfg = Debug|Any CPU
		{4A2DF7CE-A809-4052-BB56-28EBEA4F8181}.Debug|Any CPU.Build.0 = Debug|Any CPU
		{4A2DF7CE-A809-4052-BB56-28EBEA4F8181}.Debug|x64.ActiveCfg = Debug|Any CPU
		{4A2DF7CE-A809-4052-BB56-28EBEA4F8181}.Debug|x64.Build.0 = Debug|Any CPU
		{4A2DF7CE-A809-4052-BB56-28EBEA4F8181}.Debug|x86.ActiveCfg = Debug|Any CPU
		{4A2DF7CE-A809-4052-BB56-28EBEA4F8181}.Debug|x86.Build.0 = Debug|Any CPU
		{4A2DF7CE-A809-4052-BB56-28EBEA4F8181}.Release|Any CPU.ActiveCfg = Release|Any CPU
		{4A2DF7CE-A809-4052-BB56-28EBEA4F8181}.Release|Any CPU.Build.0 = Release|Any CPU
		{4A2DF7CE-A809-4052-BB56-28EBEA4F8181}.Release|x64.ActiveCfg = Release|Any CPU
		{4A2DF7CE-A809-4052-BB56-28EBEA4F8181}.Release|x64.Build.0 = Release|Any CPU
		{4A2DF7CE-A809-4052-BB56-28EBEA4F8181}.Release|x86.ActiveCfg = Release|Any CPU
		{4A2DF7CE-A809-4052-BB56-28EBEA4F8181}.Release|x86.Build.0 = Release|Any CPU
		{BE20AAA1-4CE9-41A4-A7FC-FE32C7B81E73}.Debug|Any CPU.ActiveCfg = Debug|Any CPU
		{BE20AAA1-4CE9-41A4-A7FC-FE32C7B81E73}.Debug|Any CPU.Build.0 = Debug|Any CPU
		{BE20AAA1-4CE9-41A4-A7FC-FE32C7B81E73}.Debug|x64.ActiveCfg = Debug|Any CPU
		{BE20AAA1-4CE9-41A4-A7FC-FE32C7B81E73}.Debug|x64.Build.0 = Debug|Any CPU
		{BE20AAA1-4CE9-41A4-A7FC-FE32C7B81E73}.Debug|x86.ActiveCfg = Debug|Any CPU
		{BE20AAA1-4CE9-41A4-A7FC-FE32C7B81E73}.Debug|x86.Build.0 = Debug|Any CPU
		{BE20AAA1-4CE9-41A4-A7FC-FE32C7B81E73}.Release|Any CPU.ActiveCfg = Release|Any CPU
		{BE20AAA1-4CE9-41A4-A7FC-FE32C7B81E73}.Release|Any CPU.Build.0 = Release|Any CPU
		{BE20AAA1-4CE9-41A4-A7FC-FE32C7B81E73}.Release|x64.ActiveCfg = Release|Any CPU
		{BE20AAA1-4CE9-41A4-A7FC-FE32C7B81E73}.Release|x64.Build.0 = Release|Any CPU
		{BE20AAA1-4CE9-41A4-A7FC-FE32C7B81E73}.Release|x86.ActiveCfg = Release|Any CPU
		{BE20AAA1-4CE9-41A4-A7FC-FE32C7B81E73}.Release|x86.Build.0 = Release|Any CPU
		{0F628474-1516-4809-B977-63E36A12A422}.Debug|Any CPU.ActiveCfg = Debug|Any CPU
		{0F628474-1516-4809-B977-63E36A12A422}.Debug|Any CPU.Build.0 = Debug|Any CPU
		{0F628474-1516-4809-B977-63E36A12A422}.Debug|x64.ActiveCfg = Debug|Any CPU
		{0F628474-1516-4809-B977-63E36A12A422}.Debug|x64.Build.0 = Debug|Any CPU
		{0F628474-1516-4809-B977-63E36A12A422}.Debug|x86.ActiveCfg = Debug|Any CPU
		{0F628474-1516-4809-B977-63E36A12A422}.Debug|x86.Build.0 = Debug|Any CPU
		{0F628474-1516-4809-B977-63E36A12A422}.Release|Any CPU.ActiveCfg = Release|Any CPU
		{0F628474-1516-4809-B977-63E36A12A422}.Release|Any CPU.Build.0 = Release|Any CPU
		{0F628474-1516-4809-B977-63E36A12A422}.Release|x64.ActiveCfg = Release|Any CPU
		{0F628474-1516-4809-B977-63E36A12A422}.Release|x64.Build.0 = Release|Any CPU
		{0F628474-1516-4809-B977-63E36A12A422}.Release|x86.ActiveCfg = Release|Any CPU
		{0F628474-1516-4809-B977-63E36A12A422}.Release|x86.Build.0 = Release|Any CPU
		{6FAD88B5-A952-4066-832D-8DE1192ADE5F}.Debug|Any CPU.ActiveCfg = Debug|Any CPU
		{6FAD88B5-A952-4066-832D-8DE1192ADE5F}.Debug|Any CPU.Build.0 = Debug|Any CPU
		{6FAD88B5-A952-4066-832D-8DE1192ADE5F}.Debug|x64.ActiveCfg = Debug|Any CPU
		{6FAD88B5-A952-4066-832D-8DE1192ADE5F}.Debug|x64.Build.0 = Debug|Any CPU
		{6FAD88B5-A952-4066-832D-8DE1192ADE5F}.Debug|x86.ActiveCfg = Debug|Any CPU
		{6FAD88B5-A952-4066-832D-8DE1192ADE5F}.Debug|x86.Build.0 = Debug|Any CPU
		{6FAD88B5-A952-4066-832D-8DE1192ADE5F}.Release|Any CPU.ActiveCfg = Release|Any CPU
		{6FAD88B5-A952-4066-832D-8DE1192ADE5F}.Release|Any CPU.Build.0 = Release|Any CPU
		{6FAD88B5-A952-4066-832D-8DE1192ADE5F}.Release|x64.ActiveCfg = Release|Any CPU
		{6FAD88B5-A952-4066-832D-8DE1192ADE5F}.Release|x64.Build.0 = Release|Any CPU
		{6FAD88B5-A952-4066-832D-8DE1192ADE5F}.Release|x86.ActiveCfg = Release|Any CPU
		{6FAD88B5-A952-4066-832D-8DE1192ADE5F}.Release|x86.Build.0 = Release|Any CPU
		{0068A261-CB0E-4064-A800-595FF65FBBF7}.Debug|Any CPU.ActiveCfg = Debug|Any CPU
		{0068A261-CB0E-4064-A800-595FF65FBBF7}.Debug|Any CPU.Build.0 = Debug|Any CPU
		{0068A261-CB0E-4064-A800-595FF65FBBF7}.Debug|x64.ActiveCfg = Debug|Any CPU
		{0068A261-CB0E-4064-A800-595FF65FBBF7}.Debug|x64.Build.0 = Debug|Any CPU
		{0068A261-CB0E-4064-A800-595FF65FBBF7}.Debug|x86.ActiveCfg = Debug|Any CPU
		{0068A261-CB0E-4064-A800-595FF65FBBF7}.Debug|x86.Build.0 = Debug|Any CPU
		{0068A261-CB0E-4064-A800-595FF65FBBF7}.Release|Any CPU.ActiveCfg = Release|Any CPU
		{0068A261-CB0E-4064-A800-595FF65FBBF7}.Release|Any CPU.Build.0 = Release|Any CPU
		{0068A261-CB0E-4064-A800-595FF65FBBF7}.Release|x64.ActiveCfg = Release|Any CPU
		{0068A261-CB0E-4064-A800-595FF65FBBF7}.Release|x64.Build.0 = Release|Any CPU
		{0068A261-CB0E-4064-A800-595FF65FBBF7}.Release|x86.ActiveCfg = Release|Any CPU
		{0068A261-CB0E-4064-A800-595FF65FBBF7}.Release|x86.Build.0 = Release|Any CPU
		{FF3C3AD2-6236-410F-9D46-8E9FE261A427}.Debug|Any CPU.ActiveCfg = Debug|Any CPU
		{FF3C3AD2-6236-410F-9D46-8E9FE261A427}.Debug|Any CPU.Build.0 = Debug|Any CPU
		{FF3C3AD2-6236-410F-9D46-8E9FE261A427}.Debug|x64.ActiveCfg = Debug|Any CPU
		{FF3C3AD2-6236-410F-9D46-8E9FE261A427}.Debug|x64.Build.0 = Debug|Any CPU
		{FF3C3AD2-6236-410F-9D46-8E9FE261A427}.Debug|x86.ActiveCfg = Debug|Any CPU
		{FF3C3AD2-6236-410F-9D46-8E9FE261A427}.Debug|x86.Build.0 = Debug|Any CPU
		{FF3C3AD2-6236-410F-9D46-8E9FE261A427}.Release|Any CPU.ActiveCfg = Release|Any CPU
		{FF3C3AD2-6236-410F-9D46-8E9FE261A427}.Release|Any CPU.Build.0 = Release|Any CPU
		{FF3C3AD2-6236-410F-9D46-8E9FE261A427}.Release|x64.ActiveCfg = Release|Any CPU
		{FF3C3AD2-6236-410F-9D46-8E9FE261A427}.Release|x64.Build.0 = Release|Any CPU
		{FF3C3AD2-6236-410F-9D46-8E9FE261A427}.Release|x86.ActiveCfg = Release|Any CPU
		{FF3C3AD2-6236-410F-9D46-8E9FE261A427}.Release|x86.Build.0 = Release|Any CPU
		{47338105-0792-44D9-B079-C7411DA18CC1}.Debug|Any CPU.ActiveCfg = Debug|Any CPU
		{47338105-0792-44D9-B079-C7411DA18CC1}.Debug|Any CPU.Build.0 = Debug|Any CPU
		{47338105-0792-44D9-B079-C7411DA18CC1}.Debug|x64.ActiveCfg = Debug|Any CPU
		{47338105-0792-44D9-B079-C7411DA18CC1}.Debug|x64.Build.0 = Debug|Any CPU
		{47338105-0792-44D9-B079-C7411DA18CC1}.Debug|x86.ActiveCfg = Debug|Any CPU
		{47338105-0792-44D9-B079-C7411DA18CC1}.Debug|x86.Build.0 = Debug|Any CPU
		{47338105-0792-44D9-B079-C7411DA18CC1}.Release|Any CPU.ActiveCfg = Release|Any CPU
		{47338105-0792-44D9-B079-C7411DA18CC1}.Release|Any CPU.Build.0 = Release|Any CPU
		{47338105-0792-44D9-B079-C7411DA18CC1}.Release|x64.ActiveCfg = Release|Any CPU
		{47338105-0792-44D9-B079-C7411DA18CC1}.Release|x64.Build.0 = Release|Any CPU
		{47338105-0792-44D9-B079-C7411DA18CC1}.Release|x86.ActiveCfg = Release|Any CPU
		{47338105-0792-44D9-B079-C7411DA18CC1}.Release|x86.Build.0 = Release|Any CPU
		{A96E89DF-92C1-42EF-8878-E35D35E110AA}.Debug|Any CPU.ActiveCfg = Debug|Any CPU
		{A96E89DF-92C1-42EF-8878-E35D35E110AA}.Debug|Any CPU.Build.0 = Debug|Any CPU
		{A96E89DF-92C1-42EF-8878-E35D35E110AA}.Debug|x64.ActiveCfg = Debug|Any CPU
		{A96E89DF-92C1-42EF-8878-E35D35E110AA}.Debug|x64.Build.0 = Debug|Any CPU
		{A96E89DF-92C1-42EF-8878-E35D35E110AA}.Debug|x86.ActiveCfg = Debug|Any CPU
		{A96E89DF-92C1-42EF-8878-E35D35E110AA}.Debug|x86.Build.0 = Debug|Any CPU
		{A96E89DF-92C1-42EF-8878-E35D35E110AA}.Release|Any CPU.ActiveCfg = Release|Any CPU
		{A96E89DF-92C1-42EF-8878-E35D35E110AA}.Release|Any CPU.Build.0 = Release|Any CPU
		{A96E89DF-92C1-42EF-8878-E35D35E110AA}.Release|x64.ActiveCfg = Release|Any CPU
		{A96E89DF-92C1-42EF-8878-E35D35E110AA}.Release|x64.Build.0 = Release|Any CPU
		{A96E89DF-92C1-42EF-8878-E35D35E110AA}.Release|x86.ActiveCfg = Release|Any CPU
		{A96E89DF-92C1-42EF-8878-E35D35E110AA}.Release|x86.Build.0 = Release|Any CPU
		{EC476738-246E-4E75-BBFC-23B4A7371A48}.Debug|Any CPU.ActiveCfg = Debug|Any CPU
		{EC476738-246E-4E75-BBFC-23B4A7371A48}.Debug|Any CPU.Build.0 = Debug|Any CPU
		{EC476738-246E-4E75-BBFC-23B4A7371A48}.Debug|x64.ActiveCfg = Debug|Any CPU
		{EC476738-246E-4E75-BBFC-23B4A7371A48}.Debug|x64.Build.0 = Debug|Any CPU
		{EC476738-246E-4E75-BBFC-23B4A7371A48}.Debug|x86.ActiveCfg = Debug|Any CPU
		{EC476738-246E-4E75-BBFC-23B4A7371A48}.Debug|x86.Build.0 = Debug|Any CPU
		{EC476738-246E-4E75-BBFC-23B4A7371A48}.Release|Any CPU.ActiveCfg = Release|Any CPU
		{EC476738-246E-4E75-BBFC-23B4A7371A48}.Release|Any CPU.Build.0 = Release|Any CPU
		{EC476738-246E-4E75-BBFC-23B4A7371A48}.Release|x64.ActiveCfg = Release|Any CPU
		{EC476738-246E-4E75-BBFC-23B4A7371A48}.Release|x64.Build.0 = Release|Any CPU
		{EC476738-246E-4E75-BBFC-23B4A7371A48}.Release|x86.ActiveCfg = Release|Any CPU
		{EC476738-246E-4E75-BBFC-23B4A7371A48}.Release|x86.Build.0 = Release|Any CPU
	EndGlobalSection
	GlobalSection(SolutionProperties) = preSolution
		HideSolutionNode = FALSE
	EndGlobalSection
	GlobalSection(NestedProjects) = preSolution
		{BFF0D612-1DB8-49C4-B642-8CC3E912976B} = {0E350A07-B974-4FB2-B6B7-B486D01A1116}
		{F5CCBDF5-C421-4D4F-8543-A4B05F9105BA} = {0E350A07-B974-4FB2-B6B7-B486D01A1116}
		{4A2DF7CE-A809-4052-BB56-28EBEA4F8181} = {0E350A07-B974-4FB2-B6B7-B486D01A1116}
		{BE20AAA1-4CE9-41A4-A7FC-FE32C7B81E73} = {0E350A07-B974-4FB2-B6B7-B486D01A1116}
		{0F628474-1516-4809-B977-63E36A12A422} = {0E350A07-B974-4FB2-B6B7-B486D01A1116}
		{6FAD88B5-A952-4066-832D-8DE1192ADE5F} = {0E350A07-B974-4FB2-B6B7-B486D01A1116}
		{0068A261-CB0E-4064-A800-595FF65FBBF7} = {0E350A07-B974-4FB2-B6B7-B486D01A1116}
		{FF3C3AD2-6236-410F-9D46-8E9FE261A427} = {0E350A07-B974-4FB2-B6B7-B486D01A1116}
		{47338105-0792-44D9-B079-C7411DA18CC1} = {0E350A07-B974-4FB2-B6B7-B486D01A1116}
		{A96E89DF-92C1-42EF-8878-E35D35E110AA} = {0E350A07-B974-4FB2-B6B7-B486D01A1116}
		{EC476738-246E-4E75-BBFC-23B4A7371A48} = {0E350A07-B974-4FB2-B6B7-B486D01A1116}
	EndGlobalSection
	GlobalSection(ExtensibilityGlobals) = postSolution
		SolutionGuid = {4E4A604A-3DF4-4A6E-9990-7CC1065B08A0}
	EndGlobalSection
EndGlobal
